
Microsoft Visual Studio Solution File, Format Version 12.00
# Visual Studio Version 16
VisualStudioVersion = 16.0.31105.61
MinimumVisualStudioVersion = 10.0.40219.1
Project("{FAE04EC0-301F-11D3-BF4B-00C04F79EFBC}") = "Resource Planner", "Resource Planner\Resource Planner.csproj", "{8AE4FCA5-7063-4606-9B6F-903EC0619B83}"
EndProject
Global
	GlobalSection(SolutionConfigurationPlatforms) = preSolution
		Debug|Any CPU = Debug|Any CPU
		Release|Any CPU = Release|Any CPU
	EndGlobalSection
	GlobalSection(ProjectConfigurationPlatforms) = postSolution
		{8AE4FCA5-7063-4606-9B6F-903EC0619B83}.Debug|Any CPU.ActiveCfg = Debug|Any CPU
		{8AE4FCA5-7063-4606-9B6F-903EC0619B83}.Debug|Any CPU.Build.0 = Debug|Any CPU
		{8AE4FCA5-7063-4606-9B6F-903EC0619B83}.Release|Any CPU.ActiveCfg = Release|Any CPU
		{8AE4FCA5-7063-4606-9B6F-903EC0619B83}.Release|Any CPU.Build.0 = Release|Any CPU
	EndGlobalSection
	GlobalSection(SolutionProperties) = preSolution
		HideSolutionNode = FALSE
	EndGlobalSection
	GlobalSection(ExtensibilityGlobals) = postSolution
		SolutionGuid = {45646E0F-10E4-4F01-96DE-E7C5A0713306}
	EndGlobalSection
EndGlobal
